// !$*UTF8*$!
{
	archiveVersion = 1;
	classes = {
	};
	objectVersion = 50;
	objects = {

/* Begin PBXBuildFile section */
		552B813220CE3F1A00E8C71A /* AppDelegate.swift in Sources */ = {isa = PBXBuildFile; fileRef = 552B813120CE3F1A00E8C71A /* AppDelegate.swift */; };
		552B813420CE3F1A00E8C71A /* ViewController.swift in Sources */ = {isa = PBXBuildFile; fileRef = 552B813320CE3F1A00E8C71A /* ViewController.swift */; };
		552B813720CE3F1A00E8C71A /* Main.storyboard in Resources */ = {isa = PBXBuildFile; fileRef = 552B813520CE3F1A00E8C71A /* Main.storyboard */; };
		552B813A20CE3F1A00E8C71A /* MilkeyMummy.xcdatamodeld in Sources */ = {isa = PBXBuildFile; fileRef = 552B813820CE3F1A00E8C71A /* MilkeyMummy.xcdatamodeld */; };
		552B813C20CE3F1B00E8C71A /* Assets.xcassets in Resources */ = {isa = PBXBuildFile; fileRef = 552B813B20CE3F1B00E8C71A /* Assets.xcassets */; };
		552B813F20CE3F1B00E8C71A /* LaunchScreen.storyboard in Resources */ = {isa = PBXBuildFile; fileRef = 552B813D20CE3F1B00E8C71A /* LaunchScreen.storyboard */; };
		552B815320CE431E00E8C71A /* Environment.swift in Sources */ = {isa = PBXBuildFile; fileRef = 552B815220CE431E00E8C71A /* Environment.swift */; };
		552B815B20CE88A700E8C71A /* GoogleService-Info-develop-debug.plist in Resources */ = {isa = PBXBuildFile; fileRef = 552B815920CE88A700E8C71A /* GoogleService-Info-develop-debug.plist */; };
		552B815C20CE88A700E8C71A /* GoogleService-Info-develop-release.plist in Resources */ = {isa = PBXBuildFile; fileRef = 552B815A20CE88A700E8C71A /* GoogleService-Info-develop-release.plist */; };
		552B815E20CE92F800E8C71A /* Regist.storyboard in Resources */ = {isa = PBXBuildFile; fileRef = 552B815D20CE92F800E8C71A /* Regist.storyboard */; };
		552B816020CE969500E8C71A /* RegistViewController.swift in Sources */ = {isa = PBXBuildFile; fileRef = 552B815F20CE969500E8C71A /* RegistViewController.swift */; };
		55370C6E20CFBC8D00032B82 /* User.swift in Sources */ = {isa = PBXBuildFile; fileRef = 55370C6D20CFBC8D00032B82 /* User.swift */; };
		55370C7020CFC9BB00032B82 /* Group.swift in Sources */ = {isa = PBXBuildFile; fileRef = 55370C6F20CFC9BB00032B82 /* Group.swift */; };
		5556813F20D253670030B90F /* UIColor+exstension.swift in Sources */ = {isa = PBXBuildFile; fileRef = 5556813E20D253670030B90F /* UIColor+exstension.swift */; };
		5556814620D297740030B90F /* Const.swift in Sources */ = {isa = PBXBuildFile; fileRef = 5556814520D297740030B90F /* Const.swift */; };
		5556814820D3F8BA0030B90F /* TimeLineViewController.swift in Sources */ = {isa = PBXBuildFile; fileRef = 5556814720D3F8BA0030B90F /* TimeLineViewController.swift */; };
		5556814B20D3F9E60030B90F /* TimeLineCell.xib in Resources */ = {isa = PBXBuildFile; fileRef = 5556814A20D3F9E60030B90F /* TimeLineCell.xib */; };
		5556814D20D3FD060030B90F /* TimeLIneCell.swift in Sources */ = {isa = PBXBuildFile; fileRef = 5556814C20D3FD060030B90F /* TimeLIneCell.swift */; };
		5556814F20D7BFE30030B90F /* UITextField+exstention.swift in Sources */ = {isa = PBXBuildFile; fileRef = 5556814E20D7BFE30030B90F /* UITextField+exstention.swift */; };
		5556815320D7C6880030B90F /* UITextView+exstention.swift in Sources */ = {isa = PBXBuildFile; fileRef = 5556815220D7C6880030B90F /* UITextView+exstention.swift */; };
		5556815520D8EC6A0030B90F /* PostMutterViewController.swift in Sources */ = {isa = PBXBuildFile; fileRef = 5556815420D8EC6A0030B90F /* PostMutterViewController.swift */; };
		558513EA20E15D61001982D9 /* LoveButton.swift in Sources */ = {isa = PBXBuildFile; fileRef = 558513E920E15D61001982D9 /* LoveButton.swift */; };
		558513EC20E23697001982D9 /* User-Favorite.swift in Sources */ = {isa = PBXBuildFile; fileRef = 558513EB20E23696001982D9 /* User-Favorite.swift */; };
		559A350820E0DF69000B302F /* TimeLineDetailViewController.swift in Sources */ = {isa = PBXBuildFile; fileRef = 559A350720E0DF69000B302F /* TimeLineDetailViewController.swift */; };
		559F1BB720D1011500939E95 /* UIImageView+AlamofireImage.swift in Sources */ = {isa = PBXBuildFile; fileRef = 559F1BB620D1011500939E95 /* UIImageView+AlamofireImage.swift */; };
		559F1BB920D10BDA00939E95 /* RegistInfoViewController.swift in Sources */ = {isa = PBXBuildFile; fileRef = 559F1BB820D10BDA00939E95 /* RegistInfoViewController.swift */; };
		55BD969420ECADFC0083657F /* FavoriteViewController.swift in Sources */ = {isa = PBXBuildFile; fileRef = 55BD969320ECADFC0083657F /* FavoriteViewController.swift */; };
		55BD969620ECAE470083657F /* FavoriteCell.xib in Resources */ = {isa = PBXBuildFile; fileRef = 55BD969520ECAE470083657F /* FavoriteCell.xib */; };
		55BD969820ECB06C0083657F /* FavoriteCell.swift in Sources */ = {isa = PBXBuildFile; fileRef = 55BD969720ECB06C0083657F /* FavoriteCell.swift */; };
		7CE6795270B2146E097D4E24 /* Pods_MilkeyMummy.framework in Frameworks */ = {isa = PBXBuildFile; fileRef = D3955F4ABC00D016156AE482 /* Pods_MilkeyMummy.framework */; };
/* End PBXBuildFile section */

/* Begin PBXFileReference section */
		552B812E20CE3F1A00E8C71A /* MilkeyMummy Debug.app */ = {isa = PBXFileReference; explicitFileType = wrapper.application; includeInIndex = 0; path = "MilkeyMummy Debug.app"; sourceTree = BUILT_PRODUCTS_DIR; };
		552B813120CE3F1A00E8C71A /* AppDelegate.swift */ = {isa = PBXFileReference; lastKnownFileType = sourcecode.swift; path = AppDelegate.swift; sourceTree = "<group>"; };
		552B813320CE3F1A00E8C71A /* ViewController.swift */ = {isa = PBXFileReference; lastKnownFileType = sourcecode.swift; path = ViewController.swift; sourceTree = "<group>"; };
		552B813620CE3F1A00E8C71A /* Base */ = {isa = PBXFileReference; lastKnownFileType = file.storyboard; name = Base; path = Base.lproj/Main.storyboard; sourceTree = "<group>"; };
		552B813920CE3F1A00E8C71A /* MilkeyMummy.xcdatamodel */ = {isa = PBXFileReference; lastKnownFileType = wrapper.xcdatamodel; path = MilkeyMummy.xcdatamodel; sourceTree = "<group>"; };
		552B813B20CE3F1B00E8C71A /* Assets.xcassets */ = {isa = PBXFileReference; lastKnownFileType = folder.assetcatalog; path = Assets.xcassets; sourceTree = "<group>"; };
		552B813E20CE3F1B00E8C71A /* Base */ = {isa = PBXFileReference; lastKnownFileType = file.storyboard; name = Base; path = Base.lproj/LaunchScreen.storyboard; sourceTree = "<group>"; };
		552B814020CE3F1B00E8C71A /* Info.plist */ = {isa = PBXFileReference; lastKnownFileType = text.plist.xml; path = Info.plist; sourceTree = "<group>"; };
		552B815220CE431E00E8C71A /* Environment.swift */ = {isa = PBXFileReference; lastKnownFileType = sourcecode.swift; path = Environment.swift; sourceTree = "<group>"; };
		552B815920CE88A700E8C71A /* GoogleService-Info-develop-debug.plist */ = {isa = PBXFileReference; fileEncoding = 4; lastKnownFileType = text.plist.xml; path = "GoogleService-Info-develop-debug.plist"; sourceTree = "<group>"; };
		552B815A20CE88A700E8C71A /* GoogleService-Info-develop-release.plist */ = {isa = PBXFileReference; fileEncoding = 4; lastKnownFileType = text.plist.xml; path = "GoogleService-Info-develop-release.plist"; sourceTree = "<group>"; };
		552B815D20CE92F800E8C71A /* Regist.storyboard */ = {isa = PBXFileReference; lastKnownFileType = file.storyboard; path = Regist.storyboard; sourceTree = "<group>"; };
		552B815F20CE969500E8C71A /* RegistViewController.swift */ = {isa = PBXFileReference; lastKnownFileType = sourcecode.swift; path = RegistViewController.swift; sourceTree = "<group>"; };
		55370C6D20CFBC8D00032B82 /* User.swift */ = {isa = PBXFileReference; lastKnownFileType = sourcecode.swift; path = User.swift; sourceTree = "<group>"; };
		55370C6F20CFC9BB00032B82 /* Group.swift */ = {isa = PBXFileReference; lastKnownFileType = sourcecode.swift; path = Group.swift; sourceTree = "<group>"; };
		5556813E20D253670030B90F /* UIColor+exstension.swift */ = {isa = PBXFileReference; lastKnownFileType = sourcecode.swift; path = "UIColor+exstension.swift"; sourceTree = "<group>"; };
		5556814520D297740030B90F /* Const.swift */ = {isa = PBXFileReference; lastKnownFileType = sourcecode.swift; path = Const.swift; sourceTree = "<group>"; };
		5556814720D3F8BA0030B90F /* TimeLineViewController.swift */ = {isa = PBXFileReference; lastKnownFileType = sourcecode.swift; path = TimeLineViewController.swift; sourceTree = "<group>"; };
		5556814A20D3F9E60030B90F /* TimeLineCell.xib */ = {isa = PBXFileReference; lastKnownFileType = file.xib; path = TimeLineCell.xib; sourceTree = "<group>"; };
		5556814C20D3FD060030B90F /* TimeLIneCell.swift */ = {isa = PBXFileReference; lastKnownFileType = sourcecode.swift; path = TimeLIneCell.swift; sourceTree = "<group>"; };
		5556814E20D7BFE30030B90F /* UITextField+exstention.swift */ = {isa = PBXFileReference; lastKnownFileType = sourcecode.swift; path = "UITextField+exstention.swift"; sourceTree = "<group>"; };
		5556815220D7C6880030B90F /* UITextView+exstention.swift */ = {isa = PBXFileReference; lastKnownFileType = sourcecode.swift; path = "UITextView+exstention.swift"; sourceTree = "<group>"; };
		5556815420D8EC6A0030B90F /* PostMutterViewController.swift */ = {isa = PBXFileReference; lastKnownFileType = sourcecode.swift; path = PostMutterViewController.swift; sourceTree = "<group>"; };
		558513E920E15D61001982D9 /* LoveButton.swift */ = {isa = PBXFileReference; lastKnownFileType = sourcecode.swift; path = LoveButton.swift; sourceTree = "<group>"; };
		558513EB20E23696001982D9 /* User-Favorite.swift */ = {isa = PBXFileReference; lastKnownFileType = sourcecode.swift; path = "User-Favorite.swift"; sourceTree = "<group>"; };
		559A350720E0DF69000B302F /* TimeLineDetailViewController.swift */ = {isa = PBXFileReference; lastKnownFileType = sourcecode.swift; path = TimeLineDetailViewController.swift; sourceTree = "<group>"; };
		559F1BB620D1011500939E95 /* UIImageView+AlamofireImage.swift */ = {isa = PBXFileReference; lastKnownFileType = sourcecode.swift; path = "UIImageView+AlamofireImage.swift"; sourceTree = "<group>"; };
		559F1BB820D10BDA00939E95 /* RegistInfoViewController.swift */ = {isa = PBXFileReference; lastKnownFileType = sourcecode.swift; path = RegistInfoViewController.swift; sourceTree = "<group>"; };
		55BD969320ECADFC0083657F /* FavoriteViewController.swift */ = {isa = PBXFileReference; lastKnownFileType = sourcecode.swift; path = FavoriteViewController.swift; sourceTree = "<group>"; };
		55BD969520ECAE470083657F /* FavoriteCell.xib */ = {isa = PBXFileReference; lastKnownFileType = file.xib; path = FavoriteCell.xib; sourceTree = "<group>"; };
		55BD969720ECB06C0083657F /* FavoriteCell.swift */ = {isa = PBXFileReference; lastKnownFileType = sourcecode.swift; path = FavoriteCell.swift; sourceTree = "<group>"; };
		C4744C64275D79667383646D /* Pods-MilkeyMummy.develop_release.xcconfig */ = {isa = PBXFileReference; includeInIndex = 1; lastKnownFileType = text.xcconfig; name = "Pods-MilkeyMummy.develop_release.xcconfig"; path = "Pods/Target Support Files/Pods-MilkeyMummy/Pods-MilkeyMummy.develop_release.xcconfig"; sourceTree = "<group>"; };
		D3955F4ABC00D016156AE482 /* Pods_MilkeyMummy.framework */ = {isa = PBXFileReference; explicitFileType = wrapper.framework; includeInIndex = 0; path = Pods_MilkeyMummy.framework; sourceTree = BUILT_PRODUCTS_DIR; };
		D88755DE3B5F3BB9F564E57C /* Pods-MilkeyMummy.staging_debug.xcconfig */ = {isa = PBXFileReference; includeInIndex = 1; lastKnownFileType = text.xcconfig; name = "Pods-MilkeyMummy.staging_debug.xcconfig"; path = "Pods/Target Support Files/Pods-MilkeyMummy/Pods-MilkeyMummy.staging_debug.xcconfig"; sourceTree = "<group>"; };
		DF9977C93DA47B914C0CB02F /* Pods-MilkeyMummy.develop_debug.xcconfig */ = {isa = PBXFileReference; includeInIndex = 1; lastKnownFileType = text.xcconfig; name = "Pods-MilkeyMummy.develop_debug.xcconfig"; path = "Pods/Target Support Files/Pods-MilkeyMummy/Pods-MilkeyMummy.develop_debug.xcconfig"; sourceTree = "<group>"; };
		E6D4241ABEDF96374A023C9F /* Pods-MilkeyMummy.production_debug.xcconfig */ = {isa = PBXFileReference; includeInIndex = 1; lastKnownFileType = text.xcconfig; name = "Pods-MilkeyMummy.production_debug.xcconfig"; path = "Pods/Target Support Files/Pods-MilkeyMummy/Pods-MilkeyMummy.production_debug.xcconfig"; sourceTree = "<group>"; };
		F4B1C66AA18D18429AC7D637 /* Pods-MilkeyMummy.production_release.xcconfig */ = {isa = PBXFileReference; includeInIndex = 1; lastKnownFileType = text.xcconfig; name = "Pods-MilkeyMummy.production_release.xcconfig"; path = "Pods/Target Support Files/Pods-MilkeyMummy/Pods-MilkeyMummy.production_release.xcconfig"; sourceTree = "<group>"; };
		F6EA1ECA6CE001D8E177146F /* Pods-MilkeyMummy.staging_release.xcconfig */ = {isa = PBXFileReference; includeInIndex = 1; lastKnownFileType = text.xcconfig; name = "Pods-MilkeyMummy.staging_release.xcconfig"; path = "Pods/Target Support Files/Pods-MilkeyMummy/Pods-MilkeyMummy.staging_release.xcconfig"; sourceTree = "<group>"; };
/* End PBXFileReference section */

/* Begin PBXFrameworksBuildPhase section */
		552B812B20CE3F1A00E8C71A /* Frameworks */ = {
			isa = PBXFrameworksBuildPhase;
			buildActionMask = 2147483647;
			files = (
				7CE6795270B2146E097D4E24 /* Pods_MilkeyMummy.framework in Frameworks */,
			);
			runOnlyForDeploymentPostprocessing = 0;
		};
/* End PBXFrameworksBuildPhase section */

/* Begin PBXGroup section */
		40068A85CC0EB8707604F556 /* Pods */ = {
			isa = PBXGroup;
			children = (
				E6D4241ABEDF96374A023C9F /* Pods-MilkeyMummy.production_debug.xcconfig */,
				D88755DE3B5F3BB9F564E57C /* Pods-MilkeyMummy.staging_debug.xcconfig */,
				DF9977C93DA47B914C0CB02F /* Pods-MilkeyMummy.develop_debug.xcconfig */,
				F4B1C66AA18D18429AC7D637 /* Pods-MilkeyMummy.production_release.xcconfig */,
				F6EA1ECA6CE001D8E177146F /* Pods-MilkeyMummy.staging_release.xcconfig */,
				C4744C64275D79667383646D /* Pods-MilkeyMummy.develop_release.xcconfig */,
			);
			name = Pods;
			sourceTree = "<group>";
		};
		552B812520CE3F1A00E8C71A = {
			isa = PBXGroup;
			children = (
				552B813020CE3F1A00E8C71A /* MilkeyMummy */,
				552B812F20CE3F1A00E8C71A /* Products */,
				40068A85CC0EB8707604F556 /* Pods */,
				CAA28954140B6A88E55FE2E5 /* Frameworks */,
			);
			sourceTree = "<group>";
		};
		552B812F20CE3F1A00E8C71A /* Products */ = {
			isa = PBXGroup;
			children = (
				552B812E20CE3F1A00E8C71A /* MilkeyMummy Debug.app */,
			);
			name = Products;
			sourceTree = "<group>";
		};
		552B813020CE3F1A00E8C71A /* MilkeyMummy */ = {
			isa = PBXGroup;
			children = (
				552B813120CE3F1A00E8C71A /* AppDelegate.swift */,
				552B815620CE85F900E8C71A /* ViewControllers */,
				5556814920D3F9CF0030B90F /* Views */,
				55370C6A20CFBBC400032B82 /* Model */,
				559F1BB520D100DE00939E95 /* Extension */,
				552B815720CE862500E8C71A /* Storyboards */,
				552B815520CE85E200E8C71A /* GooglePlists */,
				552B815820CE864500E8C71A /* Helpers */,
				552B813B20CE3F1B00E8C71A /* Assets.xcassets */,
				552B813D20CE3F1B00E8C71A /* LaunchScreen.storyboard */,
				552B814020CE3F1B00E8C71A /* Info.plist */,
				552B813820CE3F1A00E8C71A /* MilkeyMummy.xcdatamodeld */,
			);
			path = MilkeyMummy;
			sourceTree = "<group>";
		};
		552B815520CE85E200E8C71A /* GooglePlists */ = {
			isa = PBXGroup;
			children = (
				552B815920CE88A700E8C71A /* GoogleService-Info-develop-debug.plist */,
				552B815A20CE88A700E8C71A /* GoogleService-Info-develop-release.plist */,
			);
			path = GooglePlists;
			sourceTree = "<group>";
		};
		552B815620CE85F900E8C71A /* ViewControllers */ = {
			isa = PBXGroup;
			children = (
				552B813320CE3F1A00E8C71A /* ViewController.swift */,
				552B815F20CE969500E8C71A /* RegistViewController.swift */,
				559F1BB820D10BDA00939E95 /* RegistInfoViewController.swift */,
				5556814720D3F8BA0030B90F /* TimeLineViewController.swift */,
				5556815420D8EC6A0030B90F /* PostMutterViewController.swift */,
				559A350720E0DF69000B302F /* TimeLineDetailViewController.swift */,
				55BD969320ECADFC0083657F /* FavoriteViewController.swift */,
			);
			path = ViewControllers;
			sourceTree = "<group>";
		};
		552B815720CE862500E8C71A /* Storyboards */ = {
			isa = PBXGroup;
			children = (
				552B813520CE3F1A00E8C71A /* Main.storyboard */,
				552B815D20CE92F800E8C71A /* Regist.storyboard */,
			);
			path = Storyboards;
			sourceTree = "<group>";
		};
		552B815820CE864500E8C71A /* Helpers */ = {
			isa = PBXGroup;
			children = (
				552B815220CE431E00E8C71A /* Environment.swift */,
				5556814520D297740030B90F /* Const.swift */,
			);
			path = Helpers;
			sourceTree = "<group>";
		};
		55370C6A20CFBBC400032B82 /* Model */ = {
			isa = PBXGroup;
			children = (
				55370C6D20CFBC8D00032B82 /* User.swift */,
				55370C6F20CFC9BB00032B82 /* Group.swift */,
				558513EB20E23696001982D9 /* User-Favorite.swift */,
			);
			path = Model;
			sourceTree = "<group>";
		};
		5556814920D3F9CF0030B90F /* Views */ = {
			isa = PBXGroup;
			children = (
				5556814A20D3F9E60030B90F /* TimeLineCell.xib */,
				5556814C20D3FD060030B90F /* TimeLIneCell.swift */,
				558513E920E15D61001982D9 /* LoveButton.swift */,
				55BD969520ECAE470083657F /* FavoriteCell.xib */,
				55BD969720ECB06C0083657F /* FavoriteCell.swift */,
			);
			path = Views;
			sourceTree = "<group>";
		};
		559F1BB520D100DE00939E95 /* Extension */ = {
			isa = PBXGroup;
			children = (
				559F1BB620D1011500939E95 /* UIImageView+AlamofireImage.swift */,
				5556813E20D253670030B90F /* UIColor+exstension.swift */,
				5556814E20D7BFE30030B90F /* UITextField+exstention.swift */,
				5556815220D7C6880030B90F /* UITextView+exstention.swift */,
			);
			path = Extension;
			sourceTree = "<group>";
		};
		CAA28954140B6A88E55FE2E5 /* Frameworks */ = {
			isa = PBXGroup;
			children = (
				D3955F4ABC00D016156AE482 /* Pods_MilkeyMummy.framework */,
			);
			name = Frameworks;
			sourceTree = "<group>";
		};
/* End PBXGroup section */

/* Begin PBXNativeTarget section */
		552B812D20CE3F1A00E8C71A /* MilkeyMummy */ = {
			isa = PBXNativeTarget;
			buildConfigurationList = 552B814320CE3F1B00E8C71A /* Build configuration list for PBXNativeTarget "MilkeyMummy" */;
			buildPhases = (
				EC82F4A18EBA25CA40569C1C /* [CP] Check Pods Manifest.lock */,
				552B812A20CE3F1A00E8C71A /* Sources */,
				552B812B20CE3F1A00E8C71A /* Frameworks */,
				552B812C20CE3F1A00E8C71A /* Resources */,
				C3749FD71EC7F2DF63DAB32E /* [CP] Embed Pods Frameworks */,
			);
			buildRules = (
			);
			dependencies = (
			);
			name = MilkeyMummy;
			productName = MilkeyMummy;
			productReference = 552B812E20CE3F1A00E8C71A /* MilkeyMummy Debug.app */;
			productType = "com.apple.product-type.application";
		};
/* End PBXNativeTarget section */

/* Begin PBXProject section */
		552B812620CE3F1A00E8C71A /* Project object */ = {
			isa = PBXProject;
			attributes = {
				LastSwiftUpdateCheck = 0930;
				LastUpgradeCheck = 0930;
				ORGANIZATIONNAME = "齋藤　航平";
				TargetAttributes = {
					552B812D20CE3F1A00E8C71A = {
						CreatedOnToolsVersion = 9.3;
					};
				};
			};
			buildConfigurationList = 552B812920CE3F1A00E8C71A /* Build configuration list for PBXProject "MilkeyMummy" */;
			compatibilityVersion = "Xcode 9.3";
			developmentRegion = en;
			hasScannedForEncodings = 0;
			knownRegions = (
				en,
				Base,
			);
			mainGroup = 552B812520CE3F1A00E8C71A;
			productRefGroup = 552B812F20CE3F1A00E8C71A /* Products */;
			projectDirPath = "";
			projectRoot = "";
			targets = (
				552B812D20CE3F1A00E8C71A /* MilkeyMummy */,
			);
		};
/* End PBXProject section */

/* Begin PBXResourcesBuildPhase section */
		552B812C20CE3F1A00E8C71A /* Resources */ = {
			isa = PBXResourcesBuildPhase;
			buildActionMask = 2147483647;
			files = (
				552B815C20CE88A700E8C71A /* GoogleService-Info-develop-release.plist in Resources */,
				55BD969620ECAE470083657F /* FavoriteCell.xib in Resources */,
				552B813F20CE3F1B00E8C71A /* LaunchScreen.storyboard in Resources */,
				5556814B20D3F9E60030B90F /* TimeLineCell.xib in Resources */,
				552B813C20CE3F1B00E8C71A /* Assets.xcassets in Resources */,
				552B813720CE3F1A00E8C71A /* Main.storyboard in Resources */,
				552B815E20CE92F800E8C71A /* Regist.storyboard in Resources */,
				552B815B20CE88A700E8C71A /* GoogleService-Info-develop-debug.plist in Resources */,
			);
			runOnlyForDeploymentPostprocessing = 0;
		};
/* End PBXResourcesBuildPhase section */

/* Begin PBXShellScriptBuildPhase section */
		C3749FD71EC7F2DF63DAB32E /* [CP] Embed Pods Frameworks */ = {
			isa = PBXShellScriptBuildPhase;
			buildActionMask = 2147483647;
			files = (
			);
			inputPaths = (
				"${SRCROOT}/Pods/Target Support Files/Pods-MilkeyMummy/Pods-MilkeyMummy-frameworks.sh",
				"${BUILT_PRODUCTS_DIR}/Alamofire/Alamofire.framework",
				"${BUILT_PRODUCTS_DIR}/AlamofireImage/AlamofireImage.framework",
				"${BUILT_PRODUCTS_DIR}/Bolts/Bolts.framework",
				"${BUILT_PRODUCTS_DIR}/BoringSSL/openssl.framework",
				"${BUILT_PRODUCTS_DIR}/DZNEmptyDataSet/DZNEmptyDataSet.framework",
				"${BUILT_PRODUCTS_DIR}/FBSDKCoreKit/FBSDKCoreKit.framework",
				"${BUILT_PRODUCTS_DIR}/FBSDKLoginKit/FBSDKLoginKit.framework",
				"${BUILT_PRODUCTS_DIR}/GTMSessionFetcher/GTMSessionFetcher.framework",
				"${BUILT_PRODUCTS_DIR}/GoogleToolboxForMac/GoogleToolboxForMac.framework",
				"${BUILT_PRODUCTS_DIR}/IBAnimatable/IBAnimatable.framework",
				"${BUILT_PRODUCTS_DIR}/IQKeyboardManagerSwift/IQKeyboardManagerSwift.framework",
				"${BUILT_PRODUCTS_DIR}/MIBlurPopup/MIBlurPopup.framework",
				"${BUILT_PRODUCTS_DIR}/Protobuf/Protobuf.framework",
				"${BUILT_PRODUCTS_DIR}/RAMAnimatedTabBarController/RAMAnimatedTabBarController.framework",
				"${BUILT_PRODUCTS_DIR}/SDWebImage/SDWebImage.framework",
				"${BUILT_PRODUCTS_DIR}/SVProgressHUD/SVProgressHUD.framework",
				"${BUILT_PRODUCTS_DIR}/TextFieldEffects/TextFieldEffects.framework",
				"${BUILT_PRODUCTS_DIR}/gRPC/GRPCClient.framework",
				"${BUILT_PRODUCTS_DIR}/gRPC-Core/grpc.framework",
				"${BUILT_PRODUCTS_DIR}/gRPC-ProtoRPC/ProtoRPC.framework",
				"${BUILT_PRODUCTS_DIR}/gRPC-RxLibrary/RxLibrary.framework",
				"${BUILT_PRODUCTS_DIR}/leveldb-library/leveldb.framework",
				"${BUILT_PRODUCTS_DIR}/nanopb/nanopb.framework",
			);
			name = "[CP] Embed Pods Frameworks";
			outputPaths = (
				"${TARGET_BUILD_DIR}/${FRAMEWORKS_FOLDER_PATH}/Alamofire.framework",
				"${TARGET_BUILD_DIR}/${FRAMEWORKS_FOLDER_PATH}/AlamofireImage.framework",
				"${TARGET_BUILD_DIR}/${FRAMEWORKS_FOLDER_PATH}/Bolts.framework",
				"${TARGET_BUILD_DIR}/${FRAMEWORKS_FOLDER_PATH}/openssl.framework",
				"${TARGET_BUILD_DIR}/${FRAMEWORKS_FOLDER_PATH}/DZNEmptyDataSet.framework",
				"${TARGET_BUILD_DIR}/${FRAMEWORKS_FOLDER_PATH}/FBSDKCoreKit.framework",
				"${TARGET_BUILD_DIR}/${FRAMEWORKS_FOLDER_PATH}/FBSDKLoginKit.framework",
				"${TARGET_BUILD_DIR}/${FRAMEWORKS_FOLDER_PATH}/GTMSessionFetcher.framework",
				"${TARGET_BUILD_DIR}/${FRAMEWORKS_FOLDER_PATH}/GoogleToolboxForMac.framework",
				"${TARGET_BUILD_DIR}/${FRAMEWORKS_FOLDER_PATH}/IBAnimatable.framework",
				"${TARGET_BUILD_DIR}/${FRAMEWORKS_FOLDER_PATH}/IQKeyboardManagerSwift.framework",
				"${TARGET_BUILD_DIR}/${FRAMEWORKS_FOLDER_PATH}/MIBlurPopup.framework",
				"${TARGET_BUILD_DIR}/${FRAMEWORKS_FOLDER_PATH}/Protobuf.framework",
				"${TARGET_BUILD_DIR}/${FRAMEWORKS_FOLDER_PATH}/RAMAnimatedTabBarController.framework",
				"${TARGET_BUILD_DIR}/${FRAMEWORKS_FOLDER_PATH}/SDWebImage.framework",
				"${TARGET_BUILD_DIR}/${FRAMEWORKS_FOLDER_PATH}/SVProgressHUD.framework",
				"${TARGET_BUILD_DIR}/${FRAMEWORKS_FOLDER_PATH}/TextFieldEffects.framework",
				"${TARGET_BUILD_DIR}/${FRAMEWORKS_FOLDER_PATH}/GRPCClient.framework",
				"${TARGET_BUILD_DIR}/${FRAMEWORKS_FOLDER_PATH}/grpc.framework",
				"${TARGET_BUILD_DIR}/${FRAMEWORKS_FOLDER_PATH}/ProtoRPC.framework",
				"${TARGET_BUILD_DIR}/${FRAMEWORKS_FOLDER_PATH}/RxLibrary.framework",
				"${TARGET_BUILD_DIR}/${FRAMEWORKS_FOLDER_PATH}/leveldb.framework",
				"${TARGET_BUILD_DIR}/${FRAMEWORKS_FOLDER_PATH}/nanopb.framework",
			);
			runOnlyForDeploymentPostprocessing = 0;
			shellPath = /bin/sh;
			shellScript = "\"${SRCROOT}/Pods/Target Support Files/Pods-MilkeyMummy/Pods-MilkeyMummy-frameworks.sh\"\n";
			showEnvVarsInLog = 0;
		};
		EC82F4A18EBA25CA40569C1C /* [CP] Check Pods Manifest.lock */ = {
			isa = PBXShellScriptBuildPhase;
			buildActionMask = 2147483647;
			files = (
			);
			inputPaths = (
				"${PODS_PODFILE_DIR_PATH}/Podfile.lock",
				"${PODS_ROOT}/Manifest.lock",
			);
			name = "[CP] Check Pods Manifest.lock";
			outputPaths = (
				"$(DERIVED_FILE_DIR)/Pods-MilkeyMummy-checkManifestLockResult.txt",
			);
			runOnlyForDeploymentPostprocessing = 0;
			shellPath = /bin/sh;
			shellScript = "diff \"${PODS_PODFILE_DIR_PATH}/Podfile.lock\" \"${PODS_ROOT}/Manifest.lock\" > /dev/null\nif [ $? != 0 ] ; then\n    # print error to STDERR\n    echo \"error: The sandbox is not in sync with the Podfile.lock. Run 'pod install' or update your CocoaPods installation.\" >&2\n    exit 1\nfi\n# This output is used by Xcode 'outputs' to avoid re-running this script phase.\necho \"SUCCESS\" > \"${SCRIPT_OUTPUT_FILE_0}\"\n";
			showEnvVarsInLog = 0;
		};
/* End PBXShellScriptBuildPhase section */

/* Begin PBXSourcesBuildPhase section */
		552B812A20CE3F1A00E8C71A /* Sources */ = {
			isa = PBXSourcesBuildPhase;
			buildActionMask = 2147483647;
			files = (
				5556815320D7C6880030B90F /* UITextView+exstention.swift in Sources */,
				5556814F20D7BFE30030B90F /* UITextField+exstention.swift in Sources */,
				559A350820E0DF69000B302F /* TimeLineDetailViewController.swift in Sources */,
				558513EA20E15D61001982D9 /* LoveButton.swift in Sources */,
				55370C7020CFC9BB00032B82 /* Group.swift in Sources */,
				5556813F20D253670030B90F /* UIColor+exstension.swift in Sources */,
				552B816020CE969500E8C71A /* RegistViewController.swift in Sources */,
				559F1BB720D1011500939E95 /* UIImageView+AlamofireImage.swift in Sources */,
				559F1BB920D10BDA00939E95 /* RegistInfoViewController.swift in Sources */,
				55BD969820ECB06C0083657F /* FavoriteCell.swift in Sources */,
				5556814820D3F8BA0030B90F /* TimeLineViewController.swift in Sources */,
				552B813420CE3F1A00E8C71A /* ViewController.swift in Sources */,
				558513EC20E23697001982D9 /* User-Favorite.swift in Sources */,
				55370C6E20CFBC8D00032B82 /* User.swift in Sources */,
				552B815320CE431E00E8C71A /* Environment.swift in Sources */,
				55BD969420ECADFC0083657F /* FavoriteViewController.swift in Sources */,
				5556814D20D3FD060030B90F /* TimeLIneCell.swift in Sources */,
				552B813220CE3F1A00E8C71A /* AppDelegate.swift in Sources */,
				552B813A20CE3F1A00E8C71A /* MilkeyMummy.xcdatamodeld in Sources */,
				5556814620D297740030B90F /* Const.swift in Sources */,
				5556815520D8EC6A0030B90F /* PostMutterViewController.swift in Sources */,
			);
			runOnlyForDeploymentPostprocessing = 0;
		};
/* End PBXSourcesBuildPhase section */

/* Begin PBXVariantGroup section */
		552B813520CE3F1A00E8C71A /* Main.storyboard */ = {
			isa = PBXVariantGroup;
			children = (
				552B813620CE3F1A00E8C71A /* Base */,
			);
			name = Main.storyboard;
			sourceTree = "<group>";
		};
		552B813D20CE3F1B00E8C71A /* LaunchScreen.storyboard */ = {
			isa = PBXVariantGroup;
			children = (
				552B813E20CE3F1B00E8C71A /* Base */,
			);
			name = LaunchScreen.storyboard;
			sourceTree = "<group>";
		};
/* End PBXVariantGroup section */

/* Begin XCBuildConfiguration section */
		552B814620CE3F5000E8C71A /* Develop_Debug */ = {
			isa = XCBuildConfiguration;
			buildSettings = {
				ALWAYS_SEARCH_USER_PATHS = NO;
				CLANG_ANALYZER_NONNULL = YES;
				CLANG_ANALYZER_NUMBER_OBJECT_CONVERSION = YES_AGGRESSIVE;
				CLANG_CXX_LANGUAGE_STANDARD = "gnu++14";
				CLANG_CXX_LIBRARY = "libc++";
				CLANG_ENABLE_MODULES = YES;
				CLANG_ENABLE_OBJC_ARC = YES;
				CLANG_ENABLE_OBJC_WEAK = YES;
				CLANG_WARN_BLOCK_CAPTURE_AUTORELEASING = YES;
				CLANG_WARN_BOOL_CONVERSION = YES;
				CLANG_WARN_COMMA = YES;
				CLANG_WARN_CONSTANT_CONVERSION = YES;
				CLANG_WARN_DEPRECATED_OBJC_IMPLEMENTATIONS = YES;
				CLANG_WARN_DIRECT_OBJC_ISA_USAGE = YES_ERROR;
				CLANG_WARN_DOCUMENTATION_COMMENTS = YES;
				CLANG_WARN_EMPTY_BODY = YES;
				CLANG_WARN_ENUM_CONVERSION = YES;
				CLANG_WARN_INFINITE_RECURSION = YES;
				CLANG_WARN_INT_CONVERSION = YES;
				CLANG_WARN_NON_LITERAL_NULL_CONVERSION = YES;
				CLANG_WARN_OBJC_IMPLICIT_RETAIN_SELF = YES;
				CLANG_WARN_OBJC_LITERAL_CONVERSION = YES;
				CLANG_WARN_OBJC_ROOT_CLASS = YES_ERROR;
				CLANG_WARN_RANGE_LOOP_ANALYSIS = YES;
				CLANG_WARN_STRICT_PROTOTYPES = YES;
				CLANG_WARN_SUSPICIOUS_MOVE = YES;
				CLANG_WARN_UNGUARDED_AVAILABILITY = YES_AGGRESSIVE;
				CLANG_WARN_UNREACHABLE_CODE = YES;
				CLANG_WARN__DUPLICATE_METHOD_MATCH = YES;
				CODE_SIGN_IDENTITY = "iPhone Developer";
				COPY_PHASE_STRIP = NO;
				DEBUG_INFORMATION_FORMAT = dwarf;
				ENABLE_STRICT_OBJC_MSGSEND = YES;
				ENABLE_TESTABILITY = YES;
				GCC_C_LANGUAGE_STANDARD = gnu11;
				GCC_DYNAMIC_NO_PIC = NO;
				GCC_NO_COMMON_BLOCKS = YES;
				GCC_OPTIMIZATION_LEVEL = 0;
				GCC_PREPROCESSOR_DEFINITIONS = (
					"DEBUG=1",
					"$(inherited)",
				);
				GCC_WARN_64_TO_32_BIT_CONVERSION = YES;
				GCC_WARN_ABOUT_RETURN_TYPE = YES_ERROR;
				GCC_WARN_UNDECLARED_SELECTOR = YES;
				GCC_WARN_UNINITIALIZED_AUTOS = YES_AGGRESSIVE;
				GCC_WARN_UNUSED_FUNCTION = YES;
				GCC_WARN_UNUSED_VARIABLE = YES;
				IPHONEOS_DEPLOYMENT_TARGET = 11.3;
				MTL_ENABLE_DEBUG_INFO = YES;
				ONLY_ACTIVE_ARCH = YES;
				SDKROOT = iphoneos;
				SWIFT_ACTIVE_COMPILATION_CONDITIONS = DEBUG;
				SWIFT_OPTIMIZATION_LEVEL = "-Onone";
			};
			name = Develop_Debug;
		};
		552B814720CE3F5000E8C71A /* Develop_Debug */ = {
			isa = XCBuildConfiguration;
			baseConfigurationReference = DF9977C93DA47B914C0CB02F /* Pods-MilkeyMummy.develop_debug.xcconfig */;
			buildSettings = {
				ASSETCATALOG_COMPILER_APPICON_NAME = AppIcon;
				CODE_SIGN_STYLE = Automatic;
				DEVELOPMENT_TEAM = D3JQUY48JT;
				INFOPLIST_FILE = MilkeyMummy/Info.plist;
				LD_RUNPATH_SEARCH_PATHS = (
					"$(inherited)",
					"@executable_path/Frameworks",
				);
				OTHER_SWIFT_FLAGS = "-D DEVELOP_DEBUG";
				PRODUCT_BUNDLE_IDENTIFIER = jp.MilkeyMummy.develop.debug;
				PRODUCT_NAME = "$(TARGET_NAME) Develop Debug";
				SWIFT_VERSION = 4.0;
				TARGETED_DEVICE_FAMILY = "1,2";
			};
			name = Develop_Debug;
		};
		552B814820CE3F5C00E8C71A /* Develop_Release */ = {
			isa = XCBuildConfiguration;
			buildSettings = {
				ALWAYS_SEARCH_USER_PATHS = NO;
				CLANG_ANALYZER_NONNULL = YES;
				CLANG_ANALYZER_NUMBER_OBJECT_CONVERSION = YES_AGGRESSIVE;
				CLANG_CXX_LANGUAGE_STANDARD = "gnu++14";
				CLANG_CXX_LIBRARY = "libc++";
				CLANG_ENABLE_MODULES = YES;
				CLANG_ENABLE_OBJC_ARC = YES;
				CLANG_ENABLE_OBJC_WEAK = YES;
				CLANG_WARN_BLOCK_CAPTURE_AUTORELEASING = YES;
				CLANG_WARN_BOOL_CONVERSION = YES;
				CLANG_WARN_COMMA = YES;
				CLANG_WARN_CONSTANT_CONVERSION = YES;
				CLANG_WARN_DEPRECATED_OBJC_IMPLEMENTATIONS = YES;
				CLANG_WARN_DIRECT_OBJC_ISA_USAGE = YES_ERROR;
				CLANG_WARN_DOCUMENTATION_COMMENTS = YES;
				CLANG_WARN_EMPTY_BODY = YES;
				CLANG_WARN_ENUM_CONVERSION = YES;
				CLANG_WARN_INFINITE_RECURSION = YES;
				CLANG_WARN_INT_CONVERSION = YES;
				CLANG_WARN_NON_LITERAL_NULL_CONVERSION = YES;
				CLANG_WARN_OBJC_IMPLICIT_RETAIN_SELF = YES;
				CLANG_WARN_OBJC_LITERAL_CONVERSION = YES;
				CLANG_WARN_OBJC_ROOT_CLASS = YES_ERROR;
				CLANG_WARN_RANGE_LOOP_ANALYSIS = YES;
				CLANG_WARN_STRICT_PROTOTYPES = YES;
				CLANG_WARN_SUSPICIOUS_MOVE = YES;
				CLANG_WARN_UNGUARDED_AVAILABILITY = YES_AGGRESSIVE;
				CLANG_WARN_UNREACHABLE_CODE = YES;
				CLANG_WARN__DUPLICATE_METHOD_MATCH = YES;
				CODE_SIGN_IDENTITY = "iPhone Developer";
				COPY_PHASE_STRIP = NO;
				DEBUG_INFORMATION_FORMAT = "dwarf-with-dsym";
				ENABLE_NS_ASSERTIONS = NO;
				ENABLE_STRICT_OBJC_MSGSEND = YES;
				GCC_C_LANGUAGE_STANDARD = gnu11;
				GCC_NO_COMMON_BLOCKS = YES;
				GCC_WARN_64_TO_32_BIT_CONVERSION = YES;
				GCC_WARN_ABOUT_RETURN_TYPE = YES_ERROR;
				GCC_WARN_UNDECLARED_SELECTOR = YES;
				GCC_WARN_UNINITIALIZED_AUTOS = YES_AGGRESSIVE;
				GCC_WARN_UNUSED_FUNCTION = YES;
				GCC_WARN_UNUSED_VARIABLE = YES;
				IPHONEOS_DEPLOYMENT_TARGET = 11.3;
				MTL_ENABLE_DEBUG_INFO = NO;
				SDKROOT = iphoneos;
				SWIFT_COMPILATION_MODE = wholemodule;
				SWIFT_OPTIMIZATION_LEVEL = "-O";
				VALIDATE_PRODUCT = YES;
			};
			name = Develop_Release;
		};
		552B814920CE3F5C00E8C71A /* Develop_Release */ = {
			isa = XCBuildConfiguration;
			baseConfigurationReference = C4744C64275D79667383646D /* Pods-MilkeyMummy.develop_release.xcconfig */;
			buildSettings = {
				ASSETCATALOG_COMPILER_APPICON_NAME = AppIcon;
				CODE_SIGN_STYLE = Automatic;
				DEVELOPMENT_TEAM = D3JQUY48JT;
				INFOPLIST_FILE = MilkeyMummy/Info.plist;
				LD_RUNPATH_SEARCH_PATHS = (
					"$(inherited)",
					"@executable_path/Frameworks",
				);
				OTHER_SWIFT_FLAGS = "-D DEVELOP_RELEASE";
				PRODUCT_BUNDLE_IDENTIFIER = jp.MilkeyMummy.develop;
				PRODUCT_NAME = "$(TARGET_NAME) Develop";
				SWIFT_VERSION = 4.0;
				TARGETED_DEVICE_FAMILY = "1,2";
			};
			name = Develop_Release;
		};
		552B814A20CE3F6500E8C71A /* Staging_Debug */ = {
			isa = XCBuildConfiguration;
			buildSettings = {
				ALWAYS_SEARCH_USER_PATHS = NO;
				CLANG_ANALYZER_NONNULL = YES;
				CLANG_ANALYZER_NUMBER_OBJECT_CONVERSION = YES_AGGRESSIVE;
				CLANG_CXX_LANGUAGE_STANDARD = "gnu++14";
				CLANG_CXX_LIBRARY = "libc++";
				CLANG_ENABLE_MODULES = YES;
				CLANG_ENABLE_OBJC_ARC = YES;
				CLANG_ENABLE_OBJC_WEAK = YES;
				CLANG_WARN_BLOCK_CAPTURE_AUTORELEASING = YES;
				CLANG_WARN_BOOL_CONVERSION = YES;
				CLANG_WARN_COMMA = YES;
				CLANG_WARN_CONSTANT_CONVERSION = YES;
				CLANG_WARN_DEPRECATED_OBJC_IMPLEMENTATIONS = YES;
				CLANG_WARN_DIRECT_OBJC_ISA_USAGE = YES_ERROR;
				CLANG_WARN_DOCUMENTATION_COMMENTS = YES;
				CLANG_WARN_EMPTY_BODY = YES;
				CLANG_WARN_ENUM_CONVERSION = YES;
				CLANG_WARN_INFINITE_RECURSION = YES;
				CLANG_WARN_INT_CONVERSION = YES;
				CLANG_WARN_NON_LITERAL_NULL_CONVERSION = YES;
				CLANG_WARN_OBJC_IMPLICIT_RETAIN_SELF = YES;
				CLANG_WARN_OBJC_LITERAL_CONVERSION = YES;
				CLANG_WARN_OBJC_ROOT_CLASS = YES_ERROR;
				CLANG_WARN_RANGE_LOOP_ANALYSIS = YES;
				CLANG_WARN_STRICT_PROTOTYPES = YES;
				CLANG_WARN_SUSPICIOUS_MOVE = YES;
				CLANG_WARN_UNGUARDED_AVAILABILITY = YES_AGGRESSIVE;
				CLANG_WARN_UNREACHABLE_CODE = YES;
				CLANG_WARN__DUPLICATE_METHOD_MATCH = YES;
				CODE_SIGN_IDENTITY = "iPhone Developer";
				COPY_PHASE_STRIP = NO;
				DEBUG_INFORMATION_FORMAT = dwarf;
				ENABLE_STRICT_OBJC_MSGSEND = YES;
				ENABLE_TESTABILITY = YES;
				GCC_C_LANGUAGE_STANDARD = gnu11;
				GCC_DYNAMIC_NO_PIC = NO;
				GCC_NO_COMMON_BLOCKS = YES;
				GCC_OPTIMIZATION_LEVEL = 0;
				GCC_PREPROCESSOR_DEFINITIONS = (
					"DEBUG=1",
					"$(inherited)",
				);
				GCC_WARN_64_TO_32_BIT_CONVERSION = YES;
				GCC_WARN_ABOUT_RETURN_TYPE = YES_ERROR;
				GCC_WARN_UNDECLARED_SELECTOR = YES;
				GCC_WARN_UNINITIALIZED_AUTOS = YES_AGGRESSIVE;
				GCC_WARN_UNUSED_FUNCTION = YES;
				GCC_WARN_UNUSED_VARIABLE = YES;
				IPHONEOS_DEPLOYMENT_TARGET = 11.3;
				MTL_ENABLE_DEBUG_INFO = YES;
				ONLY_ACTIVE_ARCH = YES;
				SDKROOT = iphoneos;
				SWIFT_ACTIVE_COMPILATION_CONDITIONS = DEBUG;
				SWIFT_OPTIMIZATION_LEVEL = "-Onone";
			};
			name = Staging_Debug;
		};
		552B814B20CE3F6500E8C71A /* Staging_Debug */ = {
			isa = XCBuildConfiguration;
			baseConfigurationReference = D88755DE3B5F3BB9F564E57C /* Pods-MilkeyMummy.staging_debug.xcconfig */;
			buildSettings = {
				ASSETCATALOG_COMPILER_APPICON_NAME = AppIcon;
				CODE_SIGN_STYLE = Automatic;
				DEVELOPMENT_TEAM = D3JQUY48JT;
				INFOPLIST_FILE = MilkeyMummy/Info.plist;
				LD_RUNPATH_SEARCH_PATHS = (
					"$(inherited)",
					"@executable_path/Frameworks",
				);
				OTHER_SWIFT_FLAGS = "-D STAGING_DEBUG";
				PRODUCT_BUNDLE_IDENTIFIER = jp.MilkeyMummy.staging.debug;
				PRODUCT_NAME = "$(TARGET_NAME) Staging Debug";
				SWIFT_VERSION = 4.0;
				TARGETED_DEVICE_FAMILY = "1,2";
			};
			name = Staging_Debug;
		};
		552B814C20CE3F7300E8C71A /* Staging_Release */ = {
			isa = XCBuildConfiguration;
			buildSettings = {
				ALWAYS_SEARCH_USER_PATHS = NO;
				CLANG_ANALYZER_NONNULL = YES;
				CLANG_ANALYZER_NUMBER_OBJECT_CONVERSION = YES_AGGRESSIVE;
				CLANG_CXX_LANGUAGE_STANDARD = "gnu++14";
				CLANG_CXX_LIBRARY = "libc++";
				CLANG_ENABLE_MODULES = YES;
				CLANG_ENABLE_OBJC_ARC = YES;
				CLANG_ENABLE_OBJC_WEAK = YES;
				CLANG_WARN_BLOCK_CAPTURE_AUTORELEASING = YES;
				CLANG_WARN_BOOL_CONVERSION = YES;
				CLANG_WARN_COMMA = YES;
				CLANG_WARN_CONSTANT_CONVERSION = YES;
				CLANG_WARN_DEPRECATED_OBJC_IMPLEMENTATIONS = YES;
				CLANG_WARN_DIRECT_OBJC_ISA_USAGE = YES_ERROR;
				CLANG_WARN_DOCUMENTATION_COMMENTS = YES;
				CLANG_WARN_EMPTY_BODY = YES;
				CLANG_WARN_ENUM_CONVERSION = YES;
				CLANG_WARN_INFINITE_RECURSION = YES;
				CLANG_WARN_INT_CONVERSION = YES;
				CLANG_WARN_NON_LITERAL_NULL_CONVERSION = YES;
				CLANG_WARN_OBJC_IMPLICIT_RETAIN_SELF = YES;
				CLANG_WARN_OBJC_LITERAL_CONVERSION = YES;
				CLANG_WARN_OBJC_ROOT_CLASS = YES_ERROR;
				CLANG_WARN_RANGE_LOOP_ANALYSIS = YES;
				CLANG_WARN_STRICT_PROTOTYPES = YES;
				CLANG_WARN_SUSPICIOUS_MOVE = YES;
				CLANG_WARN_UNGUARDED_AVAILABILITY = YES_AGGRESSIVE;
				CLANG_WARN_UNREACHABLE_CODE = YES;
				CLANG_WARN__DUPLICATE_METHOD_MATCH = YES;
				CODE_SIGN_IDENTITY = "iPhone Developer";
				COPY_PHASE_STRIP = NO;
				DEBUG_INFORMATION_FORMAT = "dwarf-with-dsym";
				ENABLE_NS_ASSERTIONS = NO;
				ENABLE_STRICT_OBJC_MSGSEND = YES;
				GCC_C_LANGUAGE_STANDARD = gnu11;
				GCC_NO_COMMON_BLOCKS = YES;
				GCC_WARN_64_TO_32_BIT_CONVERSION = YES;
				GCC_WARN_ABOUT_RETURN_TYPE = YES_ERROR;
				GCC_WARN_UNDECLARED_SELECTOR = YES;
				GCC_WARN_UNINITIALIZED_AUTOS = YES_AGGRESSIVE;
				GCC_WARN_UNUSED_FUNCTION = YES;
				GCC_WARN_UNUSED_VARIABLE = YES;
				IPHONEOS_DEPLOYMENT_TARGET = 11.3;
				MTL_ENABLE_DEBUG_INFO = NO;
				SDKROOT = iphoneos;
				SWIFT_COMPILATION_MODE = wholemodule;
				SWIFT_OPTIMIZATION_LEVEL = "-O";
				VALIDATE_PRODUCT = YES;
			};
			name = Staging_Release;
		};
		552B814D20CE3F7300E8C71A /* Staging_Release */ = {
			isa = XCBuildConfiguration;
			baseConfigurationReference = F6EA1ECA6CE001D8E177146F /* Pods-MilkeyMummy.staging_release.xcconfig */;
			buildSettings = {
				ASSETCATALOG_COMPILER_APPICON_NAME = AppIcon;
				CODE_SIGN_STYLE = Automatic;
				DEVELOPMENT_TEAM = D3JQUY48JT;
				INFOPLIST_FILE = MilkeyMummy/Info.plist;
				LD_RUNPATH_SEARCH_PATHS = (
					"$(inherited)",
					"@executable_path/Frameworks",
				);
				OTHER_SWIFT_FLAGS = "-D STAGING_RELEASE";
				PRODUCT_BUNDLE_IDENTIFIER = jp.MilkeyMummy.staging;
				PRODUCT_NAME = "$(TARGET_NAME) Staging";
				SWIFT_VERSION = 4.0;
				TARGETED_DEVICE_FAMILY = "1,2";
			};
			name = Staging_Release;
		};
		552B814E20CE3F7D00E8C71A /* Production_Debug */ = {
			isa = XCBuildConfiguration;
			buildSettings = {
				ALWAYS_SEARCH_USER_PATHS = NO;
				CLANG_ANALYZER_NONNULL = YES;
				CLANG_ANALYZER_NUMBER_OBJECT_CONVERSION = YES_AGGRESSIVE;
				CLANG_CXX_LANGUAGE_STANDARD = "gnu++14";
				CLANG_CXX_LIBRARY = "libc++";
				CLANG_ENABLE_MODULES = YES;
				CLANG_ENABLE_OBJC_ARC = YES;
				CLANG_ENABLE_OBJC_WEAK = YES;
				CLANG_WARN_BLOCK_CAPTURE_AUTORELEASING = YES;
				CLANG_WARN_BOOL_CONVERSION = YES;
				CLANG_WARN_COMMA = YES;
				CLANG_WARN_CONSTANT_CONVERSION = YES;
				CLANG_WARN_DEPRECATED_OBJC_IMPLEMENTATIONS = YES;
				CLANG_WARN_DIRECT_OBJC_ISA_USAGE = YES_ERROR;
				CLANG_WARN_DOCUMENTATION_COMMENTS = YES;
				CLANG_WARN_EMPTY_BODY = YES;
				CLANG_WARN_ENUM_CONVERSION = YES;
				CLANG_WARN_INFINITE_RECURSION = YES;
				CLANG_WARN_INT_CONVERSION = YES;
				CLANG_WARN_NON_LITERAL_NULL_CONVERSION = YES;
				CLANG_WARN_OBJC_IMPLICIT_RETAIN_SELF = YES;
				CLANG_WARN_OBJC_LITERAL_CONVERSION = YES;
				CLANG_WARN_OBJC_ROOT_CLASS = YES_ERROR;
				CLANG_WARN_RANGE_LOOP_ANALYSIS = YES;
				CLANG_WARN_STRICT_PROTOTYPES = YES;
				CLANG_WARN_SUSPICIOUS_MOVE = YES;
				CLANG_WARN_UNGUARDED_AVAILABILITY = YES_AGGRESSIVE;
				CLANG_WARN_UNREACHABLE_CODE = YES;
				CLANG_WARN__DUPLICATE_METHOD_MATCH = YES;
				CODE_SIGN_IDENTITY = "iPhone Developer";
				COPY_PHASE_STRIP = NO;
				DEBUG_INFORMATION_FORMAT = dwarf;
				ENABLE_STRICT_OBJC_MSGSEND = YES;
				ENABLE_TESTABILITY = YES;
				GCC_C_LANGUAGE_STANDARD = gnu11;
				GCC_DYNAMIC_NO_PIC = NO;
				GCC_NO_COMMON_BLOCKS = YES;
				GCC_OPTIMIZATION_LEVEL = 0;
				GCC_PREPROCESSOR_DEFINITIONS = (
					"DEBUG=1",
					"$(inherited)",
				);
				GCC_WARN_64_TO_32_BIT_CONVERSION = YES;
				GCC_WARN_ABOUT_RETURN_TYPE = YES_ERROR;
				GCC_WARN_UNDECLARED_SELECTOR = YES;
				GCC_WARN_UNINITIALIZED_AUTOS = YES_AGGRESSIVE;
				GCC_WARN_UNUSED_FUNCTION = YES;
				GCC_WARN_UNUSED_VARIABLE = YES;
				IPHONEOS_DEPLOYMENT_TARGET = 11.3;
				MTL_ENABLE_DEBUG_INFO = YES;
				ONLY_ACTIVE_ARCH = YES;
				SDKROOT = iphoneos;
				SWIFT_ACTIVE_COMPILATION_CONDITIONS = DEBUG;
				SWIFT_OPTIMIZATION_LEVEL = "-Onone";
			};
			name = Production_Debug;
		};
		552B814F20CE3F7D00E8C71A /* Production_Debug */ = {
			isa = XCBuildConfiguration;
			baseConfigurationReference = E6D4241ABEDF96374A023C9F /* Pods-MilkeyMummy.production_debug.xcconfig */;
			buildSettings = {
				ASSETCATALOG_COMPILER_APPICON_NAME = AppIcon;
				CODE_SIGN_STYLE = Automatic;
				DEVELOPMENT_TEAM = D3JQUY48JT;
				INFOPLIST_FILE = MilkeyMummy/Info.plist;
				LD_RUNPATH_SEARCH_PATHS = (
					"$(inherited)",
					"@executable_path/Frameworks",
				);
				OTHER_SWIFT_FLAGS = "-D PRODUCTION_DEBUG";
				PRODUCT_BUNDLE_IDENTIFIER = jp.MilkeyMummy.debug;
				PRODUCT_NAME = "$(TARGET_NAME) Debug";
				SWIFT_VERSION = 4.0;
				TARGETED_DEVICE_FAMILY = "1,2";
			};
			name = Production_Debug;
		};
		552B815020CE3F8A00E8C71A /* Production_Release */ = {
			isa = XCBuildConfiguration;
			buildSettings = {
				ALWAYS_SEARCH_USER_PATHS = NO;
				CLANG_ANALYZER_NONNULL = YES;
				CLANG_ANALYZER_NUMBER_OBJECT_CONVERSION = YES_AGGRESSIVE;
				CLANG_CXX_LANGUAGE_STANDARD = "gnu++14";
				CLANG_CXX_LIBRARY = "libc++";
				CLANG_ENABLE_MODULES = YES;
				CLANG_ENABLE_OBJC_ARC = YES;
				CLANG_ENABLE_OBJC_WEAK = YES;
				CLANG_WARN_BLOCK_CAPTURE_AUTORELEASING = YES;
				CLANG_WARN_BOOL_CONVERSION = YES;
				CLANG_WARN_COMMA = YES;
				CLANG_WARN_CONSTANT_CONVERSION = YES;
				CLANG_WARN_DEPRECATED_OBJC_IMPLEMENTATIONS = YES;
				CLANG_WARN_DIRECT_OBJC_ISA_USAGE = YES_ERROR;
				CLANG_WARN_DOCUMENTATION_COMMENTS = YES;
				CLANG_WARN_EMPTY_BODY = YES;
				CLANG_WARN_ENUM_CONVERSION = YES;
				CLANG_WARN_INFINITE_RECURSION = YES;
				CLANG_WARN_INT_CONVERSION = YES;
				CLANG_WARN_NON_LITERAL_NULL_CONVERSION = YES;
				CLANG_WARN_OBJC_IMPLICIT_RETAIN_SELF = YES;
				CLANG_WARN_OBJC_LITERAL_CONVERSION = YES;
				CLANG_WARN_OBJC_ROOT_CLASS = YES_ERROR;
				CLANG_WARN_RANGE_LOOP_ANALYSIS = YES;
				CLANG_WARN_STRICT_PROTOTYPES = YES;
				CLANG_WARN_SUSPICIOUS_MOVE = YES;
				CLANG_WARN_UNGUARDED_AVAILABILITY = YES_AGGRESSIVE;
				CLANG_WARN_UNREACHABLE_CODE = YES;
				CLANG_WARN__DUPLICATE_METHOD_MATCH = YES;
				CODE_SIGN_IDENTITY = "iPhone Developer";
				COPY_PHASE_STRIP = NO;
				DEBUG_INFORMATION_FORMAT = "dwarf-with-dsym";
				ENABLE_NS_ASSERTIONS = NO;
				ENABLE_STRICT_OBJC_MSGSEND = YES;
				GCC_C_LANGUAGE_STANDARD = gnu11;
				GCC_NO_COMMON_BLOCKS = YES;
				GCC_WARN_64_TO_32_BIT_CONVERSION = YES;
				GCC_WARN_ABOUT_RETURN_TYPE = YES_ERROR;
				GCC_WARN_UNDECLARED_SELECTOR = YES;
				GCC_WARN_UNINITIALIZED_AUTOS = YES_AGGRESSIVE;
				GCC_WARN_UNUSED_FUNCTION = YES;
				GCC_WARN_UNUSED_VARIABLE = YES;
				IPHONEOS_DEPLOYMENT_TARGET = 11.3;
				MTL_ENABLE_DEBUG_INFO = NO;
				SDKROOT = iphoneos;
				SWIFT_COMPILATION_MODE = wholemodule;
				SWIFT_OPTIMIZATION_LEVEL = "-O";
				VALIDATE_PRODUCT = YES;
			};
			name = Production_Release;
		};
		552B815120CE3F8A00E8C71A /* Production_Release */ = {
			isa = XCBuildConfiguration;
			baseConfigurationReference = F4B1C66AA18D18429AC7D637 /* Pods-MilkeyMummy.production_release.xcconfig */;
			buildSettings = {
				ASSETCATALOG_COMPILER_APPICON_NAME = AppIcon;
				CODE_SIGN_STYLE = Automatic;
				DEVELOPMENT_TEAM = D3JQUY48JT;
				INFOPLIST_FILE = MilkeyMummy/Info.plist;
				LD_RUNPATH_SEARCH_PATHS = (
					"$(inherited)",
					"@executable_path/Frameworks",
				);
				OTHER_SWIFT_FLAGS = "-D PRODUCTION_RELEASE";
				PRODUCT_BUNDLE_IDENTIFIER = jp.MilkeyMummy;
				PRODUCT_NAME = "$(TARGET_NAME)";
				SWIFT_VERSION = 4.0;
				TARGETED_DEVICE_FAMILY = "1,2";
			};
			name = Production_Release;
		};
/* End XCBuildConfiguration section */

/* Begin XCConfigurationList section */
		552B812920CE3F1A00E8C71A /* Build configuration list for PBXProject "MilkeyMummy" */ = {
			isa = XCConfigurationList;
			buildConfigurations = (
				552B814E20CE3F7D00E8C71A /* Production_Debug */,
				552B814A20CE3F6500E8C71A /* Staging_Debug */,
				552B814620CE3F5000E8C71A /* Develop_Debug */,
				552B815020CE3F8A00E8C71A /* Production_Release */,
				552B814C20CE3F7300E8C71A /* Staging_Release */,
				552B814820CE3F5C00E8C71A /* Develop_Release */,
			);
			defaultConfigurationIsVisible = 0;
			defaultConfigurationName = Production_Debug;
		};
		552B814320CE3F1B00E8C71A /* Build configuration list for PBXNativeTarget "MilkeyMummy" */ = {
			isa = XCConfigurationList;
			buildConfigurations = (
				552B814F20CE3F7D00E8C71A /* Production_Debug */,
				552B814B20CE3F6500E8C71A /* Staging_Debug */,
				552B814720CE3F5000E8C71A /* Develop_Debug */,
				552B815120CE3F8A00E8C71A /* Production_Release */,
				552B814D20CE3F7300E8C71A /* Staging_Release */,
				552B814920CE3F5C00E8C71A /* Develop_Release */,
			);
			defaultConfigurationIsVisible = 0;
			defaultConfigurationName = Production_Debug;
		};
/* End XCConfigurationList section */

/* Begin XCVersionGroup section */
		552B813820CE3F1A00E8C71A /* MilkeyMummy.xcdatamodeld */ = {
			isa = XCVersionGroup;
			children = (
				552B813920CE3F1A00E8C71A /* MilkeyMummy.xcdatamodel */,
			);
			currentVersion = 552B813920CE3F1A00E8C71A /* MilkeyMummy.xcdatamodel */;
			path = MilkeyMummy.xcdatamodeld;
			sourceTree = "<group>";
			versionGroupType = wrapper.xcdatamodel;
		};
/* End XCVersionGroup section */
	};
	rootObject = 552B812620CE3F1A00E8C71A /* Project object */;
}
